
Microsoft Visual Studio Solution File, Format Version 12.00
# Visual Studio 14
VisualStudioVersion = 14.0.25420.1
MinimumVisualStudioVersion = 10.0.40219.1
Project("{FAE04EC0-301F-11D3-BF4B-00C04F79EFBC}") = "Cofoundry.Samples.Menus", "Cofoundry.Samples.Menus\Cofoundry.Samples.Menus.csproj", "{55AE925D-1FE9-47F2-BDF8-F60B84522A4B}"
EndProject
Global
	GlobalSection(SolutionConfigurationPlatforms) = preSolution
		Debug|Any CPU = Debug|Any CPU
		Release|Any CPU = Release|Any CPU
	EndGlobalSection
	GlobalSection(ProjectConfigurationPlatforms) = postSolution
		{55AE925D-1FE9-47F2-BDF8-F60B84522A4B}.Debug|Any CPU.ActiveCfg = Debug|Any CPU
		{55AE925D-1FE9-47F2-BDF8-F60B84522A4B}.Debug|Any CPU.Build.0 = Debug|Any CPU
		{55AE925D-1FE9-47F2-BDF8-F60B84522A4B}.Release|Any CPU.ActiveCfg = Release|Any CPU
		{55AE925D-1FE9-47F2-BDF8-F60B84522A4B}.Release|Any CPU.Build.0 = Release|Any CPU
	EndGlobalSection
	GlobalSection(SolutionProperties) = preSolution
		HideSolutionNode = FALSE
	EndGlobalSection
EndGlobal
